
Microsoft Visual Studio Solution File, Format Version 12.00
# Visual Studio Version 16
VisualStudioVersion = 16.0.31424.327
MinimumVisualStudioVersion = 10.0.40219.1
Project("{FAE04EC0-301F-11D3-BF4B-00C04F79EFBC}") = "AddrBookUsingLinq", "AddrBookUsingLinq\AddrBookUsingLinq.csproj", "{CA60F02F-49B6-45A8-9CBD-4B8C3ECC5FF7}"
EndProject
Project("{FAE04EC0-301F-11D3-BF4B-00C04F79EFBC}") = "TestValidation", "TestValidation\TestValidation.csproj", "{DA031553-696A-492E-8D79-E6B4CD20CD97}"
EndProject
Global
	GlobalSection(SolutionConfigurationPlatforms) = preSolution
		Debug|Any CPU = Debug|Any CPU
		Release|Any CPU = Release|Any CPU
	EndGlobalSection
	GlobalSection(ProjectConfigurationPlatforms) = postSolution
		{CA60F02F-49B6-45A8-9CBD-4B8C3ECC5FF7}.Debug|Any CPU.ActiveCfg = Debug|Any CPU
		{CA60F02F-49B6-45A8-9CBD-4B8C3ECC5FF7}.Debug|Any CPU.Build.0 = Debug|Any CPU
		{CA60F02F-49B6-45A8-9CBD-4B8C3ECC5FF7}.Release|Any CPU.ActiveCfg = Release|Any CPU
		{CA60F02F-49B6-45A8-9CBD-4B8C3ECC5FF7}.Release|Any CPU.Build.0 = Release|Any CPU
		{DA031553-696A-492E-8D79-E6B4CD20CD97}.Debug|Any CPU.ActiveCfg = Debug|Any CPU
		{DA031553-696A-492E-8D79-E6B4CD20CD97}.Debug|Any CPU.Build.0 = Debug|Any CPU
		{DA031553-696A-492E-8D79-E6B4CD20CD97}.Release|Any CPU.ActiveCfg = Release|Any CPU
		{DA031553-696A-492E-8D79-E6B4CD20CD97}.Release|Any CPU.Build.0 = Release|Any CPU
	EndGlobalSection
	GlobalSection(SolutionProperties) = preSolution
		HideSolutionNode = FALSE
	EndGlobalSection
	GlobalSection(ExtensibilityGlobals) = postSolution
		SolutionGuid = {0AF81B15-FFC7-4E79-9844-8F5405C4EDCA}
	EndGlobalSection
EndGlobal
